// !$*UTF8*$!
{
	archiveVersion = 1;
	classes = {
	};
	objectVersion = 56;
	objects = {

/* Begin PBXBuildFile section */
		3A57521B2B57B7DB00EFA7E0 /* NYTimesBestsellersAppApp.swift in Sources */ = {isa = PBXBuildFile; fileRef = 3A57521A2B57B7DB00EFA7E0 /* NYTimesBestsellersAppApp.swift */; };
		3A57521D2B57B7DB00EFA7E0 /* ContentView.swift in Sources */ = {isa = PBXBuildFile; fileRef = 3A57521C2B57B7DB00EFA7E0 /* ContentView.swift */; };
		3A57521F2B57B7DE00EFA7E0 /* Assets.xcassets in Resources */ = {isa = PBXBuildFile; fileRef = 3A57521E2B57B7DE00EFA7E0 /* Assets.xcassets */; };
		3A5752222B57B7DE00EFA7E0 /* Preview Assets.xcassets in Resources */ = {isa = PBXBuildFile; fileRef = 3A5752212B57B7DE00EFA7E0 /* Preview Assets.xcassets */; };
		3A5752292B57EE5A00EFA7E0 /* CategoriesListView.swift in Sources */ = {isa = PBXBuildFile; fileRef = 3A5752282B57EE5A00EFA7E0 /* CategoriesListView.swift */; };
		3A57522F2B57F00100EFA7E0 /* NetworkManager.swift in Sources */ = {isa = PBXBuildFile; fileRef = 3A57522E2B57F00100EFA7E0 /* NetworkManager.swift */; };
		3A5752322B57F25300EFA7E0 /* CategoryModel.swift in Sources */ = {isa = PBXBuildFile; fileRef = 3A5752312B57F25300EFA7E0 /* CategoryModel.swift */; };
		3A5752352B57F3E400EFA7E0 /* Constants.swift in Sources */ = {isa = PBXBuildFile; fileRef = 3A5752342B57F3E400EFA7E0 /* Constants.swift */; };
		3A6DB5362B58DC3A007FD987 /* BookListView.swift in Sources */ = {isa = PBXBuildFile; fileRef = 3A6DB5352B58DC3A007FD987 /* BookListView.swift */; };
		3A6DB5382B58DE11007FD987 /* BookCellView.swift in Sources */ = {isa = PBXBuildFile; fileRef = 3A6DB5372B58DE11007FD987 /* BookCellView.swift */; };
		3A6DB53A2B58E262007FD987 /* BookModel.swift in Sources */ = {isa = PBXBuildFile; fileRef = 3A6DB5392B58E262007FD987 /* BookModel.swift */; };
		3A6DB53D2B58EE46007FD987 /* CategoryListViewModel.swift in Sources */ = {isa = PBXBuildFile; fileRef = 3A6DB53C2B58EE46007FD987 /* CategoryListViewModel.swift */; };
		3A6DB5412B5AD276007FD987 /* BookListViewModel.swift in Sources */ = {isa = PBXBuildFile; fileRef = 3A6DB5402B5AD276007FD987 /* BookListViewModel.swift */; };
		3A6DB5452B5B9DDC007FD987 /* BuyButton.swift in Sources */ = {isa = PBXBuildFile; fileRef = 3A6DB5442B5B9DDC007FD987 /* BuyButton.swift */; };
/* End PBXBuildFile section */

/* Begin PBXFileReference section */
		3A5752172B57B7DB00EFA7E0 /* NYTimesBestsellersApp.app */ = {isa = PBXFileReference; explicitFileType = wrapper.application; includeInIndex = 0; path = NYTimesBestsellersApp.app; sourceTree = BUILT_PRODUCTS_DIR; };
		3A57521A2B57B7DB00EFA7E0 /* NYTimesBestsellersAppApp.swift */ = {isa = PBXFileReference; lastKnownFileType = sourcecode.swift; path = NYTimesBestsellersAppApp.swift; sourceTree = "<group>"; };
		3A57521C2B57B7DB00EFA7E0 /* ContentView.swift */ = {isa = PBXFileReference; lastKnownFileType = sourcecode.swift; path = ContentView.swift; sourceTree = "<group>"; };
		3A57521E2B57B7DE00EFA7E0 /* Assets.xcassets */ = {isa = PBXFileReference; lastKnownFileType = folder.assetcatalog; path = Assets.xcassets; sourceTree = "<group>"; };
		3A5752212B57B7DE00EFA7E0 /* Preview Assets.xcassets */ = {isa = PBXFileReference; lastKnownFileType = folder.assetcatalog; path = "Preview Assets.xcassets"; sourceTree = "<group>"; };
		3A5752282B57EE5A00EFA7E0 /* CategoriesListView.swift */ = {isa = PBXFileReference; lastKnownFileType = sourcecode.swift; path = CategoriesListView.swift; sourceTree = "<group>"; };
		3A57522E2B57F00100EFA7E0 /* NetworkManager.swift */ = {isa = PBXFileReference; lastKnownFileType = sourcecode.swift; path = NetworkManager.swift; sourceTree = "<group>"; };
		3A5752312B57F25300EFA7E0 /* CategoryModel.swift */ = {isa = PBXFileReference; lastKnownFileType = sourcecode.swift; path = CategoryModel.swift; sourceTree = "<group>"; };
		3A5752342B57F3E400EFA7E0 /* Constants.swift */ = {isa = PBXFileReference; lastKnownFileType = sourcecode.swift; path = Constants.swift; sourceTree = "<group>"; };
		3A6DB5352B58DC3A007FD987 /* BookListView.swift */ = {isa = PBXFileReference; lastKnownFileType = sourcecode.swift; path = BookListView.swift; sourceTree = "<group>"; };
		3A6DB5372B58DE11007FD987 /* BookCellView.swift */ = {isa = PBXFileReference; lastKnownFileType = sourcecode.swift; path = BookCellView.swift; sourceTree = "<group>"; };
		3A6DB5392B58E262007FD987 /* BookModel.swift */ = {isa = PBXFileReference; lastKnownFileType = sourcecode.swift; path = BookModel.swift; sourceTree = "<group>"; };
		3A6DB53C2B58EE46007FD987 /* CategoryListViewModel.swift */ = {isa = PBXFileReference; lastKnownFileType = sourcecode.swift; path = CategoryListViewModel.swift; sourceTree = "<group>"; };
		3A6DB5402B5AD276007FD987 /* BookListViewModel.swift */ = {isa = PBXFileReference; lastKnownFileType = sourcecode.swift; path = BookListViewModel.swift; sourceTree = "<group>"; };
		3A6DB5442B5B9DDC007FD987 /* BuyButton.swift */ = {isa = PBXFileReference; lastKnownFileType = sourcecode.swift; path = BuyButton.swift; sourceTree = "<group>"; };
/* End PBXFileReference section */

/* Begin PBXFrameworksBuildPhase section */
		3A5752142B57B7DB00EFA7E0 /* Frameworks */ = {
			isa = PBXFrameworksBuildPhase;
			buildActionMask = 2147483647;
			files = (
			);
			runOnlyForDeploymentPostprocessing = 0;
		};
/* End PBXFrameworksBuildPhase section */

/* Begin PBXGroup section */
		3A57520E2B57B7DB00EFA7E0 = {
			isa = PBXGroup;
			children = (
				3A5752192B57B7DB00EFA7E0 /* NYTimesBestsellersApp */,
				3A5752182B57B7DB00EFA7E0 /* Products */,
			);
			sourceTree = "<group>";
		};
		3A5752182B57B7DB00EFA7E0 /* Products */ = {
			isa = PBXGroup;
			children = (
				3A5752172B57B7DB00EFA7E0 /* NYTimesBestsellersApp.app */,
			);
			name = Products;
			sourceTree = "<group>";
		};
		3A5752192B57B7DB00EFA7E0 /* NYTimesBestsellersApp */ = {
			isa = PBXGroup;
			children = (
				3A57521A2B57B7DB00EFA7E0 /* NYTimesBestsellersAppApp.swift */,
				3A57522C2B57EFD300EFA7E0 /* Managers */,
				3A5752332B57F3D600EFA7E0 /* Utils */,
				3A5752302B57F23C00EFA7E0 /* Models */,
				3A57522D2B57EFD800EFA7E0 /* Screens */,
				3A57521E2B57B7DE00EFA7E0 /* Assets.xcassets */,
				3A5752202B57B7DE00EFA7E0 /* Preview Content */,
			);
			path = NYTimesBestsellersApp;
			sourceTree = "<group>";
		};
		3A5752202B57B7DE00EFA7E0 /* Preview Content */ = {
			isa = PBXGroup;
			children = (
				3A5752212B57B7DE00EFA7E0 /* Preview Assets.xcassets */,
			);
			path = "Preview Content";
			sourceTree = "<group>";
		};
		3A57522C2B57EFD300EFA7E0 /* Managers */ = {
			isa = PBXGroup;
			children = (
				3A57522E2B57F00100EFA7E0 /* NetworkManager.swift */,
			);
			path = Managers;
			sourceTree = "<group>";
		};
		3A57522D2B57EFD800EFA7E0 /* Screens */ = {
			isa = PBXGroup;
			children = (
				3A6DB5482B5BA0CA007FD987 /* BookCellView */,
				3A6DB5432B5B9CF3007FD987 /* BookList */,
				3A6DB5422B5B9CE3007FD987 /* CategoryList */,
				3A57521C2B57B7DB00EFA7E0 /* ContentView.swift */,
			);
			path = Screens;
			sourceTree = "<group>";
		};
		3A5752302B57F23C00EFA7E0 /* Models */ = {
			isa = PBXGroup;
			children = (
				3A5752312B57F25300EFA7E0 /* CategoryModel.swift */,
				3A6DB5392B58E262007FD987 /* BookModel.swift */,
			);
			path = Models;
			sourceTree = "<group>";
		};
		3A5752332B57F3D600EFA7E0 /* Utils */ = {
			isa = PBXGroup;
			children = (
				3A5752342B57F3E400EFA7E0 /* Constants.swift */,
				3A6DB5442B5B9DDC007FD987 /* BuyButton.swift */,
			);
			path = Utils;
			sourceTree = "<group>";
		};
		3A6DB5422B5B9CE3007FD987 /* CategoryList */ = {
			isa = PBXGroup;
			children = (
				3A5752282B57EE5A00EFA7E0 /* CategoriesListView.swift */,
				3A6DB5472B5BA09C007FD987 /* ViewModel */,
			);
			path = CategoryList;
			sourceTree = "<group>";
		};
		3A6DB5432B5B9CF3007FD987 /* BookList */ = {
			isa = PBXGroup;
			children = (
				3A6DB5462B5BA093007FD987 /* ViewModel */,
				3A6DB5352B58DC3A007FD987 /* BookListView.swift */,
			);
			path = BookList;
			sourceTree = "<group>";
		};
		3A6DB5462B5BA093007FD987 /* ViewModel */ = {
			isa = PBXGroup;
			children = (
				3A6DB5402B5AD276007FD987 /* BookListViewModel.swift */,
			);
			path = ViewModel;
			sourceTree = "<group>";
		};
		3A6DB5472B5BA09C007FD987 /* ViewModel */ = {
			isa = PBXGroup;
			children = (
				3A6DB53C2B58EE46007FD987 /* CategoryListViewModel.swift */,
			);
			path = ViewModel;
			sourceTree = "<group>";
		};
		3A6DB5482B5BA0CA007FD987 /* BookCellView */ = {
			isa = PBXGroup;
			children = (
				3A6DB5372B58DE11007FD987 /* BookCellView.swift */,
			);
			path = BookCellView;
			sourceTree = "<group>";
		};
/* End PBXGroup section */

/* Begin PBXNativeTarget section */
		3A5752162B57B7DB00EFA7E0 /* NYTimesBestsellersApp */ = {
			isa = PBXNativeTarget;
			buildConfigurationList = 3A5752252B57B7DE00EFA7E0 /* Build configuration list for PBXNativeTarget "NYTimesBestsellersApp" */;
			buildPhases = (
				3A5752132B57B7DB00EFA7E0 /* Sources */,
				3A5752142B57B7DB00EFA7E0 /* Frameworks */,
				3A5752152B57B7DB00EFA7E0 /* Resources */,
			);
			buildRules = (
			);
			dependencies = (
			);
			name = NYTimesBestsellersApp;
			productName = NYTimesBestsellersApp;
			productReference = 3A5752172B57B7DB00EFA7E0 /* NYTimesBestsellersApp.app */;
			productType = "com.apple.product-type.application";
		};
/* End PBXNativeTarget section */

/* Begin PBXProject section */
		3A57520F2B57B7DB00EFA7E0 /* Project object */ = {
			isa = PBXProject;
			attributes = {
				BuildIndependentTargetsInParallel = 1;
				LastSwiftUpdateCheck = 1510;
				LastUpgradeCheck = 1510;
				TargetAttributes = {
					3A5752162B57B7DB00EFA7E0 = {
						CreatedOnToolsVersion = 15.1;
					};
				};
			};
			buildConfigurationList = 3A5752122B57B7DB00EFA7E0 /* Build configuration list for PBXProject "NYTimesBestsellersApp" */;
			compatibilityVersion = "Xcode 14.0";
			developmentRegion = en;
			hasScannedForEncodings = 0;
			knownRegions = (
				en,
				Base,
			);
			mainGroup = 3A57520E2B57B7DB00EFA7E0;
			productRefGroup = 3A5752182B57B7DB00EFA7E0 /* Products */;
			projectDirPath = "";
			projectRoot = "";
			targets = (
				3A5752162B57B7DB00EFA7E0 /* NYTimesBestsellersApp */,
			);
		};
/* End PBXProject section */

/* Begin PBXResourcesBuildPhase section */
		3A5752152B57B7DB00EFA7E0 /* Resources */ = {
			isa = PBXResourcesBuildPhase;
			buildActionMask = 2147483647;
			files = (
				3A5752222B57B7DE00EFA7E0 /* Preview Assets.xcassets in Resources */,
				3A57521F2B57B7DE00EFA7E0 /* Assets.xcassets in Resources */,
			);
			runOnlyForDeploymentPostprocessing = 0;
		};
/* End PBXResourcesBuildPhase section */

/* Begin PBXSourcesBuildPhase section */
		3A5752132B57B7DB00EFA7E0 /* Sources */ = {
			isa = PBXSourcesBuildPhase;
			buildActionMask = 2147483647;
			files = (
				3A6DB53A2B58E262007FD987 /* BookModel.swift in Sources */,
				3A5752322B57F25300EFA7E0 /* CategoryModel.swift in Sources */,
				3A5752292B57EE5A00EFA7E0 /* CategoriesListView.swift in Sources */,
				3A57522F2B57F00100EFA7E0 /* NetworkManager.swift in Sources */,
				3A6DB5452B5B9DDC007FD987 /* BuyButton.swift in Sources */,
				3A6DB5412B5AD276007FD987 /* BookListViewModel.swift in Sources */,
				3A6DB5382B58DE11007FD987 /* BookCellView.swift in Sources */,
				3A6DB53D2B58EE46007FD987 /* CategoryListViewModel.swift in Sources */,
				3A5752352B57F3E400EFA7E0 /* Constants.swift in Sources */,
				3A57521D2B57B7DB00EFA7E0 /* ContentView.swift in Sources */,
				3A57521B2B57B7DB00EFA7E0 /* NYTimesBestsellersAppApp.swift in Sources */,
				3A6DB5362B58DC3A007FD987 /* BookListView.swift in Sources */,
			);
			runOnlyForDeploymentPostprocessing = 0;
		};
/* End PBXSourcesBuildPhase section */

/* Begin XCBuildConfiguration section */
		3A5752232B57B7DE00EFA7E0 /* Debug */ = {
			isa = XCBuildConfiguration;
			buildSettings = {
				ALWAYS_SEARCH_USER_PATHS = NO;
				ASSETCATALOG_COMPILER_GENERATE_SWIFT_ASSET_SYMBOL_EXTENSIONS = YES;
				CLANG_ANALYZER_NONNULL = YES;
				CLANG_ANALYZER_NUMBER_OBJECT_CONVERSION = YES_AGGRESSIVE;
				CLANG_CXX_LANGUAGE_STANDARD = "gnu++20";
				CLANG_ENABLE_MODULES = YES;
				CLANG_ENABLE_OBJC_ARC = YES;
				CLANG_ENABLE_OBJC_WEAK = YES;
				CLANG_WARN_BLOCK_CAPTURE_AUTORELEASING = YES;
				CLANG_WARN_BOOL_CONVERSION = YES;
				CLANG_WARN_COMMA = YES;
				CLANG_WARN_CONSTANT_CONVERSION = YES;
				CLANG_WARN_DEPRECATED_OBJC_IMPLEMENTATIONS = YES;
				CLANG_WARN_DIRECT_OBJC_ISA_USAGE = YES_ERROR;
				CLANG_WARN_DOCUMENTATION_COMMENTS = YES;
				CLANG_WARN_EMPTY_BODY = YES;
				CLANG_WARN_ENUM_CONVERSION = YES;
				CLANG_WARN_INFINITE_RECURSION = YES;
				CLANG_WARN_INT_CONVERSION = YES;
				CLANG_WARN_NON_LITERAL_NULL_CONVERSION = YES;
				CLANG_WARN_OBJC_IMPLICIT_RETAIN_SELF = YES;
				CLANG_WARN_OBJC_LITERAL_CONVERSION = YES;
				CLANG_WARN_OBJC_ROOT_CLASS = YES_ERROR;
				CLANG_WARN_QUOTED_INCLUDE_IN_FRAMEWORK_HEADER = YES;
				CLANG_WARN_RANGE_LOOP_ANALYSIS = YES;
				CLANG_WARN_STRICT_PROTOTYPES = YES;
				CLANG_WARN_SUSPICIOUS_MOVE = YES;
				CLANG_WARN_UNGUARDED_AVAILABILITY = YES_AGGRESSIVE;
				CLANG_WARN_UNREACHABLE_CODE = YES;
				CLANG_WARN__DUPLICATE_METHOD_MATCH = YES;
				COPY_PHASE_STRIP = NO;
				DEBUG_INFORMATION_FORMAT = dwarf;
				ENABLE_STRICT_OBJC_MSGSEND = YES;
				ENABLE_TESTABILITY = YES;
				ENABLE_USER_SCRIPT_SANDBOXING = YES;
				GCC_C_LANGUAGE_STANDARD = gnu17;
				GCC_DYNAMIC_NO_PIC = NO;
				GCC_NO_COMMON_BLOCKS = YES;
				GCC_OPTIMIZATION_LEVEL = 0;
				GCC_PREPROCESSOR_DEFINITIONS = (
					"DEBUG=1",
					"$(inherited)",
				);
				GCC_WARN_64_TO_32_BIT_CONVERSION = YES;
				GCC_WARN_ABOUT_RETURN_TYPE = YES_ERROR;
				GCC_WARN_UNDECLARED_SELECTOR = YES;
				GCC_WARN_UNINITIALIZED_AUTOS = YES_AGGRESSIVE;
				GCC_WARN_UNUSED_FUNCTION = YES;
				GCC_WARN_UNUSED_VARIABLE = YES;
				IPHONEOS_DEPLOYMENT_TARGET = 17.2;
				LOCALIZATION_PREFERS_STRING_CATALOGS = YES;
				MTL_ENABLE_DEBUG_INFO = INCLUDE_SOURCE;
				MTL_FAST_MATH = YES;
				ONLY_ACTIVE_ARCH = YES;
				SDKROOT = iphoneos;
				SWIFT_ACTIVE_COMPILATION_CONDITIONS = "DEBUG $(inherited)";
				SWIFT_OPTIMIZATION_LEVEL = "-Onone";
			};
			name = Debug;
		};
		3A5752242B57B7DE00EFA7E0 /* Release */ = {
			isa = XCBuildConfiguration;
			buildSettings = {
				ALWAYS_SEARCH_USER_PATHS = NO;
				ASSETCATALOG_COMPILER_GENERATE_SWIFT_ASSET_SYMBOL_EXTENSIONS = YES;
				CLANG_ANALYZER_NONNULL = YES;
				CLANG_ANALYZER_NUMBER_OBJECT_CONVERSION = YES_AGGRESSIVE;
				CLANG_CXX_LANGUAGE_STANDARD = "gnu++20";
				CLANG_ENABLE_MODULES = YES;
				CLANG_ENABLE_OBJC_ARC = YES;
				CLANG_ENABLE_OBJC_WEAK = YES;
				CLANG_WARN_BLOCK_CAPTURE_AUTORELEASING = YES;
				CLANG_WARN_BOOL_CONVERSION = YES;
				CLANG_WARN_COMMA = YES;
				CLANG_WARN_CONSTANT_CONVERSION = YES;
				CLANG_WARN_DEPRECATED_OBJC_IMPLEMENTATIONS = YES;
				CLANG_WARN_DIRECT_OBJC_ISA_USAGE = YES_ERROR;
				CLANG_WARN_DOCUMENTATION_COMMENTS = YES;
				CLANG_WARN_EMPTY_BODY = YES;
				CLANG_WARN_ENUM_CONVERSION = YES;
				CLANG_WARN_INFINITE_RECURSION = YES;
				CLANG_WARN_INT_CONVERSION = YES;
				CLANG_WARN_NON_LITERAL_NULL_CONVERSION = YES;
				CLANG_WARN_OBJC_IMPLICIT_RETAIN_SELF = YES;
				CLANG_WARN_OBJC_LITERAL_CONVERSION = YES;
				CLANG_WARN_OBJC_ROOT_CLASS = YES_ERROR;
				CLANG_WARN_QUOTED_INCLUDE_IN_FRAMEWORK_HEADER = YES;
				CLANG_WARN_RANGE_LOOP_ANALYSIS = YES;
				CLANG_WARN_STRICT_PROTOTYPES = YES;
				CLANG_WARN_SUSPICIOUS_MOVE = YES;
				CLANG_WARN_UNGUARDED_AVAILABILITY = YES_AGGRESSIVE;
				CLANG_WARN_UNREACHABLE_CODE = YES;
				CLANG_WARN__DUPLICATE_METHOD_MATCH = YES;
				COPY_PHASE_STRIP = NO;
				DEBUG_INFORMATION_FORMAT = "dwarf-with-dsym";
				ENABLE_NS_ASSERTIONS = NO;
				ENABLE_STRICT_OBJC_MSGSEND = YES;
				ENABLE_USER_SCRIPT_SANDBOXING = YES;
				GCC_C_LANGUAGE_STANDARD = gnu17;
				GCC_NO_COMMON_BLOCKS = YES;
				GCC_WARN_64_TO_32_BIT_CONVERSION = YES;
				GCC_WARN_ABOUT_RETURN_TYPE = YES_ERROR;
				GCC_WARN_UNDECLARED_SELECTOR = YES;
				GCC_WARN_UNINITIALIZED_AUTOS = YES_AGGRESSIVE;
				GCC_WARN_UNUSED_FUNCTION = YES;
				GCC_WARN_UNUSED_VARIABLE = YES;
				IPHONEOS_DEPLOYMENT_TARGET = 17.2;
				LOCALIZATION_PREFERS_STRING_CATALOGS = YES;
				MTL_ENABLE_DEBUG_INFO = NO;
				MTL_FAST_MATH = YES;
				SDKROOT = iphoneos;
				SWIFT_COMPILATION_MODE = wholemodule;
				VALIDATE_PRODUCT = YES;
			};
			name = Release;
		};
		3A5752262B57B7DE00EFA7E0 /* Debug */ = {
			isa = XCBuildConfiguration;
			buildSettings = {
				ASSETCATALOG_COMPILER_APPICON_NAME = AppIcon;
				ASSETCATALOG_COMPILER_GLOBAL_ACCENT_COLOR_NAME = AccentColor;
				CODE_SIGN_STYLE = Automatic;
				CURRENT_PROJECT_VERSION = 1;
				DEVELOPMENT_ASSET_PATHS = "\"NYTimesBestsellersApp/Preview Content\"";
				DEVELOPMENT_TEAM = VAP9HN82DH;
				ENABLE_PREVIEWS = YES;
				GENERATE_INFOPLIST_FILE = YES;
				INFOPLIST_KEY_UIApplicationSceneManifest_Generation = YES;
				INFOPLIST_KEY_UIApplicationSupportsIndirectInputEvents = YES;
				INFOPLIST_KEY_UILaunchScreen_Generation = YES;
				INFOPLIST_KEY_UISupportedInterfaceOrientations_iPad = "UIInterfaceOrientationPortrait UIInterfaceOrientationPortraitUpsideDown UIInterfaceOrientationLandscapeLeft UIInterfaceOrientationLandscapeRight";
				INFOPLIST_KEY_UISupportedInterfaceOrientations_iPhone = "UIInterfaceOrientationPortrait UIInterfaceOrientationLandscapeLeft UIInterfaceOrientationLandscapeRight";
				LD_RUNPATH_SEARCH_PATHS = (
					"$(inherited)",
					"@executable_path/Frameworks",
				);
				MARKETING_VERSION = 1.0;
				PRODUCT_BUNDLE_IDENTIFIER = "aleksandr-semenov.NYTimesBestsellersApp";
				PRODUCT_NAME = "$(TARGET_NAME)";
				SWIFT_EMIT_LOC_STRINGS = YES;
				SWIFT_VERSION = 5.0;
				TARGETED_DEVICE_FAMILY = "1,2";
			};
			name = Debug;
		};
		3A5752272B57B7DE00EFA7E0 /* Release */ = {
			isa = XCBuildConfiguration;
			buildSettings = {
				ASSETCATALOG_COMPILER_APPICON_NAME = AppIcon;
				ASSETCATALOG_COMPILER_GLOBAL_ACCENT_COLOR_NAME = AccentColor;
				CODE_SIGN_STYLE = Automatic;
				CURRENT_PROJECT_VERSION = 1;
				DEVELOPMENT_ASSET_PATHS = "\"NYTimesBestsellersApp/Preview Content\"";
				DEVELOPMENT_TEAM = VAP9HN82DH;
				ENABLE_PREVIEWS = YES;
				GENERATE_INFOPLIST_FILE = YES;
				INFOPLIST_KEY_UIApplicationSceneManifest_Generation = YES;
				INFOPLIST_KEY_UIApplicationSupportsIndirectInputEvents = YES;
				INFOPLIST_KEY_UILaunchScreen_Generation = YES;
				INFOPLIST_KEY_UISupportedInterfaceOrientations_iPad = "UIInterfaceOrientationPortrait UIInterfaceOrientationPortraitUpsideDown UIInterfaceOrientationLandscapeLeft UIInterfaceOrientationLandscapeRight";
				INFOPLIST_KEY_UISupportedInterfaceOrientations_iPhone = "UIInterfaceOrientationPortrait UIInterfaceOrientationLandscapeLeft UIInterfaceOrientationLandscapeRight";
				LD_RUNPATH_SEARCH_PATHS = (
					"$(inherited)",
					"@executable_path/Frameworks",
				);
				MARKETING_VERSION = 1.0;
				PRODUCT_BUNDLE_IDENTIFIER = "aleksandr-semenov.NYTimesBestsellersApp";
				PRODUCT_NAME = "$(TARGET_NAME)";
				SWIFT_EMIT_LOC_STRINGS = YES;
				SWIFT_VERSION = 5.0;
				TARGETED_DEVICE_FAMILY = "1,2";
			};
			name = Release;
		};
/* End XCBuildConfiguration section */

/* Begin XCConfigurationList section */
		3A5752122B57B7DB00EFA7E0 /* Build configuration list for PBXProject "NYTimesBestsellersApp" */ = {
			isa = XCConfigurationList;
			buildConfigurations = (
				3A5752232B57B7DE00EFA7E0 /* Debug */,
				3A5752242B57B7DE00EFA7E0 /* Release */,
			);
			defaultConfigurationIsVisible = 0;
			defaultConfigurationName = Release;
		};
		3A5752252B57B7DE00EFA7E0 /* Build configuration list for PBXNativeTarget "NYTimesBestsellersApp" */ = {
			isa = XCConfigurationList;
			buildConfigurations = (
				3A5752262B57B7DE00EFA7E0 /* Debug */,
				3A5752272B57B7DE00EFA7E0 /* Release */,
			);
			defaultConfigurationIsVisible = 0;
			defaultConfigurationName = Release;
		};
/* End XCConfigurationList section */
	};
	rootObject = 3A57520F2B57B7DB00EFA7E0 /* Project object */;
}
